// !$*UTF8*$!
{
	archiveVersion = 1;
	classes = {
	};
	objectVersion = 46;
	objects = {

/* Begin PBXBuildFile section */
		44489C001DC6A79B006E160C /* AppDelegate.swift in Sources */ = {isa = PBXBuildFile; fileRef = 44489BFF1DC6A79B006E160C /* AppDelegate.swift */; };
		44489C021DC6A79B006E160C /* ViewController.swift in Sources */ = {isa = PBXBuildFile; fileRef = 44489C011DC6A79B006E160C /* ViewController.swift */; };
		44489C051DC6A79B006E160C /* Main.storyboard in Resources */ = {isa = PBXBuildFile; fileRef = 44489C031DC6A79B006E160C /* Main.storyboard */; };
		44489C071DC6A79B006E160C /* Assets.xcassets in Resources */ = {isa = PBXBuildFile; fileRef = 44489C061DC6A79B006E160C /* Assets.xcassets */; };
		44489C0A1DC6A79B006E160C /* LaunchScreen.storyboard in Resources */ = {isa = PBXBuildFile; fileRef = 44489C081DC6A79B006E160C /* LaunchScreen.storyboard */; };
		44489C131DC83B71006E160C /* Social.framework in Frameworks */ = {isa = PBXBuildFile; fileRef = 44489C121DC83B71006E160C /* Social.framework */; };
/* End PBXBuildFile section */

/* Begin PBXFileReference section */
		44489BFC1DC6A79B006E160C /* Camera.app */ = {isa = PBXFileReference; explicitFileType = wrapper.application; includeInIndex = 0; path = Camera.app; sourceTree = BUILT_PRODUCTS_DIR; };
		44489BFF1DC6A79B006E160C /* AppDelegate.swift */ = {isa = PBXFileReference; lastKnownFileType = sourcecode.swift; path = AppDelegate.swift; sourceTree = "<group>"; };
		44489C011DC6A79B006E160C /* ViewController.swift */ = {isa = PBXFileReference; lastKnownFileType = sourcecode.swift; path = ViewController.swift; sourceTree = "<group>"; };
		44489C041DC6A79B006E160C /* Base */ = {isa = PBXFileReference; lastKnownFileType = file.storyboard; name = Base; path = Base.lproj/Main.storyboard; sourceTree = "<group>"; };
		44489C061DC6A79B006E160C /* Assets.xcassets */ = {isa = PBXFileReference; lastKnownFileType = folder.assetcatalog; path = Assets.xcassets; sourceTree = "<group>"; };
		44489C091DC6A79B006E160C /* Base */ = {isa = PBXFileReference; lastKnownFileType = file.storyboard; name = Base; path = Base.lproj/LaunchScreen.storyboard; sourceTree = "<group>"; };
		44489C0B1DC6A79B006E160C /* Info.plist */ = {isa = PBXFileReference; lastKnownFileType = text.plist.xml; path = Info.plist; sourceTree = "<group>"; };
		44489C121DC83B71006E160C /* Social.framework */ = {isa = PBXFileReference; lastKnownFileType = wrapper.framework; name = Social.framework; path = System/Library/Frameworks/Social.framework; sourceTree = SDKROOT; };
/* End PBXFileReference section */

/* Begin PBXFrameworksBuildPhase section */
		44489BF91DC6A79B006E160C /* Frameworks */ = {
			isa = PBXFrameworksBuildPhase;
			buildActionMask = 2147483647;
			files = (
				44489C131DC83B71006E160C /* Social.framework in Frameworks */,
			);
			runOnlyForDeploymentPostprocessing = 0;
		};
/* End PBXFrameworksBuildPhase section */

/* Begin PBXGroup section */
		44489BF31DC6A79B006E160C = {
			isa = PBXGroup;
			children = (
				44489BFE1DC6A79B006E160C /* Camera */,
				44489BFD1DC6A79B006E160C /* Products */,
				44489C111DC83B71006E160C /* Frameworks */,
			);
			sourceTree = "<group>";
		};
		44489BFD1DC6A79B006E160C /* Products */ = {
			isa = PBXGroup;
			children = (
				44489BFC1DC6A79B006E160C /* Camera.app */,
			);
			name = Products;
			sourceTree = "<group>";
		};
		44489BFE1DC6A79B006E160C /* Camera */ = {
			isa = PBXGroup;
			children = (
				44489BFF1DC6A79B006E160C /* AppDelegate.swift */,
				44489C011DC6A79B006E160C /* ViewController.swift */,
				44489C031DC6A79B006E160C /* Main.storyboard */,
				44489C061DC6A79B006E160C /* Assets.xcassets */,
				44489C081DC6A79B006E160C /* LaunchScreen.storyboard */,
				44489C0B1DC6A79B006E160C /* Info.plist */,
			);
			path = Camera;
			sourceTree = "<group>";
		};
		44489C111DC83B71006E160C /* Frameworks */ = {
			isa = PBXGroup;
			children = (
				44489C121DC83B71006E160C /* Social.framework */,
			);
			name = Frameworks;
			sourceTree = "<group>";
		};
/* End PBXGroup section */

/* Begin PBXNativeTarget section */
		44489BFB1DC6A79B006E160C /* Camera */ = {
			isa = PBXNativeTarget;
			buildConfigurationList = 44489C0E1DC6A79B006E160C /* Build configuration list for PBXNativeTarget "Camera" */;
			buildPhases = (
				44489BF81DC6A79B006E160C /* Sources */,
				44489BF91DC6A79B006E160C /* Frameworks */,
				44489BFA1DC6A79B006E160C /* Resources */,
			);
			buildRules = (
			);
			dependencies = (
			);
			name = Camera;
			productName = Camera;
			productReference = 44489BFC1DC6A79B006E160C /* Camera.app */;
			productType = "com.apple.product-type.application";
		};
/* End PBXNativeTarget section */

/* Begin PBXProject section */
		44489BF41DC6A79B006E160C /* Project object */ = {
			isa = PBXProject;
			attributes = {
				LastSwiftUpdateCheck = 0800;
				LastUpgradeCheck = 0800;
				ORGANIZATIONNAME = redmage;
				TargetAttributes = {
					44489BFB1DC6A79B006E160C = {
						CreatedOnToolsVersion = 8.0;
						DevelopmentTeam = CE62UJR6AB;
						ProvisioningStyle = Automatic;
					};
				};
			};
			buildConfigurationList = 44489BF71DC6A79B006E160C /* Build configuration list for PBXProject "Camera" */;
			compatibilityVersion = "Xcode 3.2";
			developmentRegion = English;
			hasScannedForEncodings = 0;
			knownRegions = (
				en,
				Base,
			);
			mainGroup = 44489BF31DC6A79B006E160C;
			productRefGroup = 44489BFD1DC6A79B006E160C /* Products */;
			projectDirPath = "";
			projectRoot = "";
			targets = (
				44489BFB1DC6A79B006E160C /* Camera */,
			);
		};
/* End PBXProject section */

/* Begin PBXResourcesBuildPhase section */
		44489BFA1DC6A79B006E160C /* Resources */ = {
			isa = PBXResourcesBuildPhase;
			buildActionMask = 2147483647;
			files = (
				44489C0A1DC6A79B006E160C /* LaunchScreen.storyboard in Resources */,
				44489C071DC6A79B006E160C /* Assets.xcassets in Resources */,
				44489C051DC6A79B006E160C /* Main.storyboard in Resources */,
			);
			runOnlyForDeploymentPostprocessing = 0;
		};
/* End PBXResourcesBuildPhase section */

/* Begin PBXSourcesBuildPhase section */
		44489BF81DC6A79B006E160C /* Sources */ = {
			isa = PBXSourcesBuildPhase;
			buildActionMask = 2147483647;
			files = (
				44489C021DC6A79B006E160C /* ViewController.swift in Sources */,
				44489C001DC6A79B006E160C /* AppDelegate.swift in Sources */,
			);
			runOnlyForDeploymentPostprocessing = 0;
		};
/* End PBXSourcesBuildPhase section */

/* Begin PBXVariantGroup section */
		44489C031DC6A79B006E160C /* Main.storyboard */ = {
			isa = PBXVariantGroup;
			children = (
				44489C041DC6A79B006E160C /* Base */,
			);
			name = Main.storyboard;
			sourceTree = "<group>";
		};
		44489C081DC6A79B006E160C /* LaunchScreen.storyboard */ = {
			isa = PBXVariantGroup;
			children = (
				44489C091DC6A79B006E160C /* Base */,
			);
			name = LaunchScreen.storyboard;
			sourceTree = "<group>";
		};
/* End PBXVariantGroup section */

/* Begin XCBuildConfiguration section */
		44489C0C1DC6A79B006E160C /* Debug */ = {
			isa = XCBuildConfiguration;
			buildSettings = {
				ALWAYS_SEARCH_USER_PATHS = NO;
				CLANG_ANALYZER_NONNULL = YES;
				CLANG_CXX_LANGUAGE_STANDARD = "gnu++0x";
				CLANG_CXX_LIBRARY = "libc++";
				CLANG_ENABLE_MODULES = YES;
				CLANG_ENABLE_OBJC_ARC = YES;
				CLANG_WARN_BOOL_CONVERSION = YES;
				CLANG_WARN_CONSTANT_CONVERSION = YES;
				CLANG_WARN_DIRECT_OBJC_ISA_USAGE = YES_ERROR;
				CLANG_WARN_DOCUMENTATION_COMMENTS = YES;
				CLANG_WARN_EMPTY_BODY = YES;
				CLANG_WARN_ENUM_CONVERSION = YES;
				CLANG_WARN_INFINITE_RECURSION = YES;
				CLANG_WARN_INT_CONVERSION = YES;
				CLANG_WARN_OBJC_ROOT_CLASS = YES_ERROR;
				CLANG_WARN_SUSPICIOUS_MOVES = YES;
				CLANG_WARN_UNREACHABLE_CODE = YES;
				CLANG_WARN__DUPLICATE_METHOD_MATCH = YES;
				"CODE_SIGN_IDENTITY[sdk=iphoneos*]" = "iPhone Developer";
				COPY_PHASE_STRIP = NO;
				DEBUG_INFORMATION_FORMAT = dwarf;
				ENABLE_STRICT_OBJC_MSGSEND = YES;
				ENABLE_TESTABILITY = YES;
				GCC_C_LANGUAGE_STANDARD = gnu99;
				GCC_DYNAMIC_NO_PIC = NO;
				GCC_NO_COMMON_BLOCKS = YES;
				GCC_OPTIMIZATION_LEVEL = 0;
				GCC_PREPROCESSOR_DEFINITIONS = (
					"DEBUG=1",
					"$(inherited)",
				);
				GCC_WARN_64_TO_32_BIT_CONVERSION = YES;
				GCC_WARN_ABOUT_RETURN_TYPE = YES_ERROR;
				GCC_WARN_UNDECLARED_SELECTOR = YES;
				GCC_WARN_UNINITIALIZED_AUTOS = YES_AGGRESSIVE;
				GCC_WARN_UNUSED_FUNCTION = YES;
				GCC_WARN_UNUSED_VARIABLE = YES;
				IPHONEOS_DEPLOYMENT_TARGET = 10.0;
				MTL_ENABLE_DEBUG_INFO = YES;
				ONLY_ACTIVE_ARCH = YES;
				SDKROOT = iphoneos;
				SWIFT_ACTIVE_COMPILATION_CONDITIONS = DEBUG;
				SWIFT_OPTIMIZATION_LEVEL = "-Onone";
				TARGETED_DEVICE_FAMILY = "1,2";
			};
			name = Debug;
		};
		44489C0D1DC6A79B006E160C /* Release */ = {
			isa = XCBuildConfiguration;
			buildSettings = {
				ALWAYS_SEARCH_USER_PATHS = NO;
				CLANG_ANALYZER_NONNULL = YES;
				CLANG_CXX_LANGUAGE_STANDARD = "gnu++0x";
				CLANG_CXX_LIBRARY = "libc++";
				CLANG_ENABLE_MODULES = YES;
				CLANG_ENABLE_OBJC_ARC = YES;
				CLANG_WARN_BOOL_CONVERSION = YES;
				CLANG_WARN_CONSTANT_CONVERSION = YES;
				CLANG_WARN_DIRECT_OBJC_ISA_USAGE = YES_ERROR;
				CLANG_WARN_DOCUMENTATION_COMMENTS = YES;
				CLANG_WARN_EMPTY_BODY = YES;
				CLANG_WARN_ENUM_CONVERSION = YES;
				CLANG_WARN_INFINITE_RECURSION = YES;
				CLANG_WARN_INT_CONVERSION = YES;
				CLANG_WARN_OBJC_ROOT_CLASS = YES_ERROR;
				CLANG_WARN_SUSPICIOUS_MOVES = YES;
				CLANG_WARN_UNREACHABLE_CODE = YES;
				CLANG_WARN__DUPLICATE_METHOD_MATCH = YES;
				"CODE_SIGN_IDENTITY[sdk=iphoneos*]" = "iPhone Developer";
				COPY_PHASE_STRIP = NO;
				DEBUG_INFORMATION_FORMAT = "dwarf-with-dsym";
				ENABLE_NS_ASSERTIONS = NO;
				ENABLE_STRICT_OBJC_MSGSEND = YES;
				GCC_C_LANGUAGE_STANDARD = gnu99;
				GCC_NO_COMMON_BLOCKS = YES;
				GCC_WARN_64_TO_32_BIT_CONVERSION = YES;
				GCC_WARN_ABOUT_RETURN_TYPE = YES_ERROR;
				GCC_WARN_UNDECLARED_SELECTOR = YES;
				GCC_WARN_UNINITIALIZED_AUTOS = YES_AGGRESSIVE;
				GCC_WARN_UNUSED_FUNCTION = YES;
				GCC_WARN_UNUSED_VARIABLE = YES;
				IPHONEOS_DEPLOYMENT_TARGET = 10.0;
				MTL_ENABLE_DEBUG_INFO = NO;
				SDKROOT = iphoneos;
				SWIFT_OPTIMIZATION_LEVEL = "-Owholemodule";
				TARGETED_DEVICE_FAMILY = "1,2";
				VALIDATE_PRODUCT = YES;
			};
			name = Release;
		};
		44489C0F1DC6A79B006E160C /* Debug */ = {
			isa = XCBuildConfiguration;
			buildSettings = {
				ASSETCATALOG_COMPILER_APPICON_NAME = AppIcon;
				DEVELOPMENT_TEAM = CE62UJR6AB;
				INFOPLIST_FILE = Camera/Info.plist;
				LD_RUNPATH_SEARCH_PATHS = "$(inherited) @executable_path/Frameworks";
				PRODUCT_BUNDLE_IDENTIFIER = xyz.redmage.Camera;
				PRODUCT_NAME = "$(TARGET_NAME)";
				SWIFT_VERSION = 3.0;
			};
			name = Debug;
		};
		44489C101DC6A79B006E160C /* Release */ = {
			isa = XCBuildConfiguration;
			buildSettings = {
				ASSETCATALOG_COMPILER_APPICON_NAME = AppIcon;
				DEVELOPMENT_TEAM = CE62UJR6AB;
				INFOPLIST_FILE = Camera/Info.plist;
				LD_RUNPATH_SEARCH_PATHS = "$(inherited) @executable_path/Frameworks";
				PRODUCT_BUNDLE_IDENTIFIER = xyz.redmage.Camera;
				PRODUCT_NAME = "$(TARGET_NAME)";
				SWIFT_VERSION = 3.0;
			};
			name = Release;
		};
/* End XCBuildConfiguration section */

/* Begin XCConfigurationList section */
		44489BF71DC6A79B006E160C /* Build configuration list for PBXProject "Camera" */ = {
			isa = XCConfigurationList;
			buildConfigurations = (
				44489C0C1DC6A79B006E160C /* Debug */,
				44489C0D1DC6A79B006E160C /* Release */,
			);
			defaultConfigurationIsVisible = 0;
			defaultConfigurationName = Release;
		};
		44489C0E1DC6A79B006E160C /* Build configuration list for PBXNativeTarget "Camera" */ = {
			isa = XCConfigurationList;
			buildConfigurations = (
				44489C0F1DC6A79B006E160C /* Debug */,
				44489C101DC6A79B006E160C /* Release */,
			);
			defaultConfigurationIsVisible = 0;
		};
/* End XCConfigurationList section */
	};
	rootObject = 44489BF41DC6A79B006E160C /* Project object */;
}
